
Microsoft Visual Studio Solution File, Format Version 12.00
# Visual Studio Version 16
VisualStudioVersion = 16.0.29519.181
MinimumVisualStudioVersion = 10.0.40219.1
Project("{9A19103F-16F7-4668-BE54-9A1E7A4F7556}") = "NetCharts", "NetCharts\NetCharts.csproj", "{58B115FA-33F4-447A-9C01-EF210D6E70B6}"
EndProject
Project("{9A19103F-16F7-4668-BE54-9A1E7A4F7556}") = "NetCharts.Test", "NetCharts.Test\NetCharts.Test.csproj", "{6D30010B-DCF3-468B-A2A4-A18077D648FB}"
EndProject
Global
	GlobalSection(SolutionConfigurationPlatforms) = preSolution
		Debug|Any CPU = Debug|Any CPU
		Release|Any CPU = Release|Any CPU
	EndGlobalSection
	GlobalSection(ProjectConfigurationPlatforms) = postSolution
		{58B115FA-33F4-447A-9C01-EF210D6E70B6}.Debug|Any CPU.ActiveCfg = Debug|Any CPU
		{58B115FA-33F4-447A-9C01-EF210D6E70B6}.Debug|Any CPU.Build.0 = Debug|Any CPU
		{58B115FA-33F4-447A-9C01-EF210D6E70B6}.Release|Any CPU.ActiveCfg = Release|Any CPU
		{58B115FA-33F4-447A-9C01-EF210D6E70B6}.Release|Any CPU.Build.0 = Release|Any CPU
		{6D30010B-DCF3-468B-A2A4-A18077D648FB}.Debug|Any CPU.ActiveCfg = Debug|Any CPU
		{6D30010B-DCF3-468B-A2A4-A18077D648FB}.Debug|Any CPU.Build.0 = Debug|Any CPU
		{6D30010B-DCF3-468B-A2A4-A18077D648FB}.Release|Any CPU.ActiveCfg = Release|Any CPU
		{6D30010B-DCF3-468B-A2A4-A18077D648FB}.Release|Any CPU.Build.0 = Release|Any CPU
	EndGlobalSection
	GlobalSection(SolutionProperties) = preSolution
		HideSolutionNode = FALSE
	EndGlobalSection
	GlobalSection(ExtensibilityGlobals) = postSolution
		SolutionGuid = {12292D47-D756-45FB-81F6-04CEBDFF3CE5}
	EndGlobalSection
EndGlobal
